
Microsoft Visual Studio Solution File, Format Version 12.00
# Visual Studio 15
VisualStudioVersion = 15.0.28010.2036
MinimumVisualStudioVersion = 10.0.40219.1
Project("{FAE04EC0-301F-11D3-BF4B-00C04F79EFBC}") = "RazorPageTutorial", "RazorPageTutorial\RazorPageTutorial.csproj", "{1A0993EF-7A86-498B-A4E6-3540FDD2EB7E}"
EndProject
Global
	GlobalSection(SolutionConfigurationPlatforms) = preSolution
		Debug|Any CPU = Debug|Any CPU
		Release|Any CPU = Release|Any CPU
	EndGlobalSection
	GlobalSection(ProjectConfigurationPlatforms) = postSolution
		{1A0993EF-7A86-498B-A4E6-3540FDD2EB7E}.Debug|Any CPU.ActiveCfg = Debug|Any CPU
		{1A0993EF-7A86-498B-A4E6-3540FDD2EB7E}.Debug|Any CPU.Build.0 = Debug|Any CPU
		{1A0993EF-7A86-498B-A4E6-3540FDD2EB7E}.Release|Any CPU.ActiveCfg = Release|Any CPU
		{1A0993EF-7A86-498B-A4E6-3540FDD2EB7E}.Release|Any CPU.Build.0 = Release|Any CPU
	EndGlobalSection
	GlobalSection(SolutionProperties) = preSolution
		HideSolutionNode = FALSE
	EndGlobalSection
	GlobalSection(ExtensibilityGlobals) = postSolution
		SolutionGuid = {49F900E0-4C5E-4862-A21B-CDF7A6755425}
	EndGlobalSection
EndGlobal
